
Microsoft Visual Studio Solution File, Format Version 12.00
# Visual Studio Version 17
VisualStudioVersion = 17.5.002.0
MinimumVisualStudioVersion = 10.0.40219.1
Project("{9A19103F-16F7-4668-BE54-9A1E7A4F7556}") = "SOAR", "SOAR.csproj", "{9A4917D4-5631-4E37-885F-4A68632D40A3}"
EndProject
Global
	GlobalSection(SolutionConfigurationPlatforms) = preSolution
		Debug|Any CPU = Debug|Any CPU
		Release|Any CPU = Release|Any CPU
	EndGlobalSection
	GlobalSection(ProjectConfigurationPlatforms) = postSolution
		{9A4917D4-5631-4E37-885F-4A68632D40A3}.Debug|Any CPU.ActiveCfg = Debug|Any CPU
		{9A4917D4-5631-4E37-885F-4A68632D40A3}.Debug|Any CPU.Build.0 = Debug|Any CPU
		{9A4917D4-5631-4E37-885F-4A68632D40A3}.Release|Any CPU.ActiveCfg = Release|Any CPU
		{9A4917D4-5631-4E37-885F-4A68632D40A3}.Release|Any CPU.Build.0 = Release|Any CPU
	EndGlobalSection
	GlobalSection(SolutionProperties) = preSolution
		HideSolutionNode = FALSE
	EndGlobalSection
	GlobalSection(ExtensibilityGlobals) = postSolution
		SolutionGuid = {21EAADAE-6FE4-430D-9B2E-88ADB4E320A8}
	EndGlobalSection
EndGlobal
